
Microsoft Visual Studio Solution File, Format Version 12.00
# Visual Studio 15
VisualStudioVersion = 15.0.28010.2041
MinimumVisualStudioVersion = 10.0.40219.1
Project("{FAE04EC0-301F-11D3-BF4B-00C04F79EFBC}") = "Task 1", "..\Task 1\Task 1.csproj", "{8E44AFC7-09E9-4FE9-991B-6E51CA5B2522}"
EndProject
Project("{FAE04EC0-301F-11D3-BF4B-00C04F79EFBC}") = "Task 2", "..\Task 2\Task 2.csproj", "{9DBAAB93-EB07-4F06-BE8F-6697ED0BC171}"
EndProject
Project("{FAE04EC0-301F-11D3-BF4B-00C04F79EFBC}") = "Task 3", "..\Task 3\Task 3.csproj", "{E282E755-68C7-4F01-BAD6-2560D097A552}"
EndProject
Project("{FAE04EC0-301F-11D3-BF4B-00C04F79EFBC}") = "Task 4", "..\Task 4\Task 4.csproj", "{1438BFDD-D3EE-4CE5-961A-C47FA6DEDF02}"
EndProject
Project("{FAE04EC0-301F-11D3-BF4B-00C04F79EFBC}") = "Task 5", "..\Task 5\Task 5.csproj", "{710999F9-32F2-4D3C-B927-25F9C44BDCEB}"
EndProject
Project("{FAE04EC0-301F-11D3-BF4B-00C04F79EFBC}") = "Task 6", "..\Task 6\Task 6.csproj", "{2F064F0C-7EDE-4DA6-BB03-8C83DBFEDC84}"
EndProject
Project("{FAE04EC0-301F-11D3-BF4B-00C04F79EFBC}") = "Task 7", "..\Task 7\Task 7.csproj", "{C2F203B9-D833-43C5-8FF4-5149612C72E8}"
EndProject
Project("{FAE04EC0-301F-11D3-BF4B-00C04F79EFBC}") = "Task 8", "..\Task 8\Task 8.csproj", "{0629150C-3CCF-4EA0-9302-15219309F93C}"
EndProject
Project("{FAE04EC0-301F-11D3-BF4B-00C04F79EFBC}") = "Task 9", "..\Task 9\Task 9.csproj", "{8F19DA34-FFE9-4EE5-8261-9B796D2D79E9}"
EndProject
Project("{FAE04EC0-301F-11D3-BF4B-00C04F79EFBC}") = "Task 10", "..\Task 10\Task 10.csproj", "{BF1C5666-8E37-488B-9B6D-3C531A2D6515}"
EndProject
Project("{FAE04EC0-301F-11D3-BF4B-00C04F79EFBC}") = "Task 11", "..\Task 11\Task 11.csproj", "{4A8C6AAE-3267-4F68-9E20-E01004630681}"
EndProject
Project("{FAE04EC0-301F-11D3-BF4B-00C04F79EFBC}") = "Task 12", "..\Task 12\Task 12.csproj", "{7B8D1F03-B366-4861-8720-6AC32EF8DD10}"
EndProject
Project("{FAE04EC0-301F-11D3-BF4B-00C04F79EFBC}") = "Task 13", "..\Task 13\Task 13.csproj", "{2C0D0AC5-1D64-4939-A76B-6D10DEA5E212}"
EndProject
Project("{FAE04EC0-301F-11D3-BF4B-00C04F79EFBC}") = "Task 14", "..\Task 14\Task 14.csproj", "{AF43CBA3-7ACA-4EED-985C-FAFB327D3221}"
EndProject
Project("{FAE04EC0-301F-11D3-BF4B-00C04F79EFBC}") = "Task 15", "..\Task 15\Task 15.csproj", "{F4E63ECA-5D60-4648-AFB3-BAF965CAEBBB}"
EndProject
Project("{FAE04EC0-301F-11D3-BF4B-00C04F79EFBC}") = "Task 16", "..\Task 16\Task 16.csproj", "{91462D84-D37F-4246-9376-E3704C9D8F83}"
EndProject
Project("{FAE04EC0-301F-11D3-BF4B-00C04F79EFBC}") = "Task 17", "..\Task 17\Task 17\Task 17.csproj", "{E62734E9-1551-487D-BEF2-2A997DBBBD5E}"
EndProject
Project("{FAE04EC0-301F-11D3-BF4B-00C04F79EFBC}") = "Task 18", "..\Task 18\Task 18.csproj", "{2F9BF297-D172-42DE-A540-935632646734}"
EndProject
Project("{FAE04EC0-301F-11D3-BF4B-00C04F79EFBC}") = "Task 19", "..\Task 19\Task 19.csproj", "{5E06A3D9-CB90-4E0F-87FD-08405AFBB53E}"
EndProject
Project("{FAE04EC0-301F-11D3-BF4B-00C04F79EFBC}") = "Task 20", "..\Task 20\Task 20\Task 20.csproj", "{EE8CFF95-D66E-4CAF-9D5E-3DF87574CE33}"
EndProject
Project("{FAE04EC0-301F-11D3-BF4B-00C04F79EFBC}") = "Task 21", "..\Task 21\Task 21.csproj", "{B031CDC6-7866-4FFE-A029-DED76A8EAA5F}"
EndProject
Project("{FAE04EC0-301F-11D3-BF4B-00C04F79EFBC}") = "Task 22", "..\Task 22\Task 22.csproj", "{028D2DCE-79BC-4CB0-AD49-038AB56B89CD}"
EndProject
Project("{FAE04EC0-301F-11D3-BF4B-00C04F79EFBC}") = "Task 23", "..\Task 23\Task 23.csproj", "{8270C467-16BB-4EFE-9A09-262CAF261111}"
EndProject
Project("{FAE04EC0-301F-11D3-BF4B-00C04F79EFBC}") = "Task 24", "..\Task 24\Task 24.csproj", "{4A5C67A2-052F-4EEF-A9F6-08B0169740C5}"
EndProject
Project("{FAE04EC0-301F-11D3-BF4B-00C04F79EFBC}") = "Task 25", "..\Task 25\Task 25.csproj", "{E2F132E2-2AD6-4F47-B057-56310EFFA300}"
EndProject
Project("{FAE04EC0-301F-11D3-BF4B-00C04F79EFBC}") = "Task 26", "..\Task 26\Task 26.csproj", "{2C3D7741-CBDC-4D6B-B1D8-42989A5B861F}"
EndProject
Project("{FAE04EC0-301F-11D3-BF4B-00C04F79EFBC}") = "Task 27", "..\Task 27\Task 27.csproj", "{932A669D-0603-45C8-BF9F-A5B8F0922D51}"
EndProject
Global
	GlobalSection(SolutionConfigurationPlatforms) = preSolution
		Debug|Any CPU = Debug|Any CPU
		Release|Any CPU = Release|Any CPU
	EndGlobalSection
	GlobalSection(ProjectConfigurationPlatforms) = postSolution
		{8E44AFC7-09E9-4FE9-991B-6E51CA5B2522}.Debug|Any CPU.ActiveCfg = Debug|Any CPU
		{8E44AFC7-09E9-4FE9-991B-6E51CA5B2522}.Debug|Any CPU.Build.0 = Debug|Any CPU
		{8E44AFC7-09E9-4FE9-991B-6E51CA5B2522}.Release|Any CPU.ActiveCfg = Release|Any CPU
		{8E44AFC7-09E9-4FE9-991B-6E51CA5B2522}.Release|Any CPU.Build.0 = Release|Any CPU
		{9DBAAB93-EB07-4F06-BE8F-6697ED0BC171}.Debug|Any CPU.ActiveCfg = Debug|Any CPU
		{9DBAAB93-EB07-4F06-BE8F-6697ED0BC171}.Debug|Any CPU.Build.0 = Debug|Any CPU
		{9DBAAB93-EB07-4F06-BE8F-6697ED0BC171}.Release|Any CPU.ActiveCfg = Release|Any CPU
		{9DBAAB93-EB07-4F06-BE8F-6697ED0BC171}.Release|Any CPU.Build.0 = Release|Any CPU
		{E282E755-68C7-4F01-BAD6-2560D097A552}.Debug|Any CPU.ActiveCfg = Debug|Any CPU
		{E282E755-68C7-4F01-BAD6-2560D097A552}.Debug|Any CPU.Build.0 = Debug|Any CPU
		{E282E755-68C7-4F01-BAD6-2560D097A552}.Release|Any CPU.ActiveCfg = Release|Any CPU
		{E282E755-68C7-4F01-BAD6-2560D097A552}.Release|Any CPU.Build.0 = Release|Any CPU
		{1438BFDD-D3EE-4CE5-961A-C47FA6DEDF02}.Debug|Any CPU.ActiveCfg = Debug|Any CPU
		{1438BFDD-D3EE-4CE5-961A-C47FA6DEDF02}.Debug|Any CPU.Build.0 = Debug|Any CPU
		{1438BFDD-D3EE-4CE5-961A-C47FA6DEDF02}.Release|Any CPU.ActiveCfg = Release|Any CPU
		{1438BFDD-D3EE-4CE5-961A-C47FA6DEDF02}.Release|Any CPU.Build.0 = Release|Any CPU
		{710999F9-32F2-4D3C-B927-25F9C44BDCEB}.Debug|Any CPU.ActiveCfg = Debug|Any CPU
		{710999F9-32F2-4D3C-B927-25F9C44BDCEB}.Debug|Any CPU.Build.0 = Debug|Any CPU
		{710999F9-32F2-4D3C-B927-25F9C44BDCEB}.Release|Any CPU.ActiveCfg = Release|Any CPU
		{710999F9-32F2-4D3C-B927-25F9C44BDCEB}.Release|Any CPU.Build.0 = Release|Any CPU
		{2F064F0C-7EDE-4DA6-BB03-8C83DBFEDC84}.Debug|Any CPU.ActiveCfg = Debug|Any CPU
		{2F064F0C-7EDE-4DA6-BB03-8C83DBFEDC84}.Debug|Any CPU.Build.0 = Debug|Any CPU
		{2F064F0C-7EDE-4DA6-BB03-8C83DBFEDC84}.Release|Any CPU.ActiveCfg = Release|Any CPU
		{2F064F0C-7EDE-4DA6-BB03-8C83DBFEDC84}.Release|Any CPU.Build.0 = Release|Any CPU
		{C2F203B9-D833-43C5-8FF4-5149612C72E8}.Debug|Any CPU.ActiveCfg = Debug|Any CPU
		{C2F203B9-D833-43C5-8FF4-5149612C72E8}.Debug|Any CPU.Build.0 = Debug|Any CPU
		{C2F203B9-D833-43C5-8FF4-5149612C72E8}.Release|Any CPU.ActiveCfg = Release|Any CPU
		{C2F203B9-D833-43C5-8FF4-5149612C72E8}.Release|Any CPU.Build.0 = Release|Any CPU
		{0629150C-3CCF-4EA0-9302-15219309F93C}.Debug|Any CPU.ActiveCfg = Debug|Any CPU
		{0629150C-3CCF-4EA0-9302-15219309F93C}.Debug|Any CPU.Build.0 = Debug|Any CPU
		{0629150C-3CCF-4EA0-9302-15219309F93C}.Release|Any CPU.ActiveCfg = Release|Any CPU
		{0629150C-3CCF-4EA0-9302-15219309F93C}.Release|Any CPU.Build.0 = Release|Any CPU
		{8F19DA34-FFE9-4EE5-8261-9B796D2D79E9}.Debug|Any CPU.ActiveCfg = Debug|Any CPU
		{8F19DA34-FFE9-4EE5-8261-9B796D2D79E9}.Debug|Any CPU.Build.0 = Debug|Any CPU
		{8F19DA34-FFE9-4EE5-8261-9B796D2D79E9}.Release|Any CPU.ActiveCfg = Release|Any CPU
		{8F19DA34-FFE9-4EE5-8261-9B796D2D79E9}.Release|Any CPU.Build.0 = Release|Any CPU
		{BF1C5666-8E37-488B-9B6D-3C531A2D6515}.Debug|Any CPU.ActiveCfg = Debug|Any CPU
		{BF1C5666-8E37-488B-9B6D-3C531A2D6515}.Debug|Any CPU.Build.0 = Debug|Any CPU
		{BF1C5666-8E37-488B-9B6D-3C531A2D6515}.Release|Any CPU.ActiveCfg = Release|Any CPU
		{BF1C5666-8E37-488B-9B6D-3C531A2D6515}.Release|Any CPU.Build.0 = Release|Any CPU
		{4A8C6AAE-3267-4F68-9E20-E01004630681}.Debug|Any CPU.ActiveCfg = Debug|Any CPU
		{4A8C6AAE-3267-4F68-9E20-E01004630681}.Debug|Any CPU.Build.0 = Debug|Any CPU
		{4A8C6AAE-3267-4F68-9E20-E01004630681}.Release|Any CPU.ActiveCfg = Release|Any CPU
		{4A8C6AAE-3267-4F68-9E20-E01004630681}.Release|Any CPU.Build.0 = Release|Any CPU
		{7B8D1F03-B366-4861-8720-6AC32EF8DD10}.Debug|Any CPU.ActiveCfg = Debug|Any CPU
		{7B8D1F03-B366-4861-8720-6AC32EF8DD10}.Debug|Any CPU.Build.0 = Debug|Any CPU
		{7B8D1F03-B366-4861-8720-6AC32EF8DD10}.Release|Any CPU.ActiveCfg = Release|Any CPU
		{7B8D1F03-B366-4861-8720-6AC32EF8DD10}.Release|Any CPU.Build.0 = Release|Any CPU
		{2C0D0AC5-1D64-4939-A76B-6D10DEA5E212}.Debug|Any CPU.ActiveCfg = Debug|Any CPU
		{2C0D0AC5-1D64-4939-A76B-6D10DEA5E212}.Debug|Any CPU.Build.0 = Debug|Any CPU
		{2C0D0AC5-1D64-4939-A76B-6D10DEA5E212}.Release|Any CPU.ActiveCfg = Release|Any CPU
		{2C0D0AC5-1D64-4939-A76B-6D10DEA5E212}.Release|Any CPU.Build.0 = Release|Any CPU
		{AF43CBA3-7ACA-4EED-985C-FAFB327D3221}.Debug|Any CPU.ActiveCfg = Debug|Any CPU
		{AF43CBA3-7ACA-4EED-985C-FAFB327D3221}.Debug|Any CPU.Build.0 = Debug|Any CPU
		{AF43CBA3-7ACA-4EED-985C-FAFB327D3221}.Release|Any CPU.ActiveCfg = Release|Any CPU
		{AF43CBA3-7ACA-4EED-985C-FAFB327D3221}.Release|Any CPU.Build.0 = Release|Any CPU
		{F4E63ECA-5D60-4648-AFB3-BAF965CAEBBB}.Debug|Any CPU.ActiveCfg = Debug|Any CPU
		{F4E63ECA-5D60-4648-AFB3-BAF965CAEBBB}.Debug|Any CPU.Build.0 = Debug|Any CPU
		{F4E63ECA-5D60-4648-AFB3-BAF965CAEBBB}.Release|Any CPU.ActiveCfg = Release|Any CPU
		{F4E63ECA-5D60-4648-AFB3-BAF965CAEBBB}.Release|Any CPU.Build.0 = Release|Any CPU
		{91462D84-D37F-4246-9376-E3704C9D8F83}.Debug|Any CPU.ActiveCfg = Debug|Any CPU
		{91462D84-D37F-4246-9376-E3704C9D8F83}.Debug|Any CPU.Build.0 = Debug|Any CPU
		{91462D84-D37F-4246-9376-E3704C9D8F83}.Release|Any CPU.ActiveCfg = Release|Any CPU
		{91462D84-D37F-4246-9376-E3704C9D8F83}.Release|Any CPU.Build.0 = Release|Any CPU
		{E62734E9-1551-487D-BEF2-2A997DBBBD5E}.Debug|Any CPU.ActiveCfg = Debug|Any CPU
		{E62734E9-1551-487D-BEF2-2A997DBBBD5E}.Debug|Any CPU.Build.0 = Debug|Any CPU
		{E62734E9-1551-487D-BEF2-2A997DBBBD5E}.Release|Any CPU.ActiveCfg = Release|Any CPU
		{E62734E9-1551-487D-BEF2-2A997DBBBD5E}.Release|Any CPU.Build.0 = Release|Any CPU
		{2F9BF297-D172-42DE-A540-935632646734}.Debug|Any CPU.ActiveCfg = Debug|Any CPU
		{2F9BF297-D172-42DE-A540-935632646734}.Debug|Any CPU.Build.0 = Debug|Any CPU
		{2F9BF297-D172-42DE-A540-935632646734}.Release|Any CPU.ActiveCfg = Release|Any CPU
		{2F9BF297-D172-42DE-A540-935632646734}.Release|Any CPU.Build.0 = Release|Any CPU
		{5E06A3D9-CB90-4E0F-87FD-08405AFBB53E}.Debug|Any CPU.ActiveCfg = Debug|Any CPU
		{5E06A3D9-CB90-4E0F-87FD-08405AFBB53E}.Debug|Any CPU.Build.0 = Debug|Any CPU
		{5E06A3D9-CB90-4E0F-87FD-08405AFBB53E}.Release|Any CPU.ActiveCfg = Release|Any CPU
		{5E06A3D9-CB90-4E0F-87FD-08405AFBB53E}.Release|Any CPU.Build.0 = Release|Any CPU
		{EE8CFF95-D66E-4CAF-9D5E-3DF87574CE33}.Debug|Any CPU.ActiveCfg = Debug|Any CPU
		{EE8CFF95-D66E-4CAF-9D5E-3DF87574CE33}.Debug|Any CPU.Build.0 = Debug|Any CPU
		{EE8CFF95-D66E-4CAF-9D5E-3DF87574CE33}.Release|Any CPU.ActiveCfg = Release|Any CPU
		{EE8CFF95-D66E-4CAF-9D5E-3DF87574CE33}.Release|Any CPU.Build.0 = Release|Any CPU
		{B031CDC6-7866-4FFE-A029-DED76A8EAA5F}.Debug|Any CPU.ActiveCfg = Debug|Any CPU
		{B031CDC6-7866-4FFE-A029-DED76A8EAA5F}.Debug|Any CPU.Build.0 = Debug|Any CPU
		{B031CDC6-7866-4FFE-A029-DED76A8EAA5F}.Release|Any CPU.ActiveCfg = Release|Any CPU
		{B031CDC6-7866-4FFE-A029-DED76A8EAA5F}.Release|Any CPU.Build.0 = Release|Any CPU
		{028D2DCE-79BC-4CB0-AD49-038AB56B89CD}.Debug|Any CPU.ActiveCfg = Debug|Any CPU
		{028D2DCE-79BC-4CB0-AD49-038AB56B89CD}.Debug|Any CPU.Build.0 = Debug|Any CPU
		{028D2DCE-79BC-4CB0-AD49-038AB56B89CD}.Release|Any CPU.ActiveCfg = Release|Any CPU
		{028D2DCE-79BC-4CB0-AD49-038AB56B89CD}.Release|Any CPU.Build.0 = Release|Any CPU
		{8270C467-16BB-4EFE-9A09-262CAF261111}.Debug|Any CPU.ActiveCfg = Debug|Any CPU
		{8270C467-16BB-4EFE-9A09-262CAF261111}.Debug|Any CPU.Build.0 = Debug|Any CPU
		{8270C467-16BB-4EFE-9A09-262CAF261111}.Release|Any CPU.ActiveCfg = Release|Any CPU
		{8270C467-16BB-4EFE-9A09-262CAF261111}.Release|Any CPU.Build.0 = Release|Any CPU
		{4A5C67A2-052F-4EEF-A9F6-08B0169740C5}.Debug|Any CPU.ActiveCfg = Debug|Any CPU
		{4A5C67A2-052F-4EEF-A9F6-08B0169740C5}.Debug|Any CPU.Build.0 = Debug|Any CPU
		{4A5C67A2-052F-4EEF-A9F6-08B0169740C5}.Release|Any CPU.ActiveCfg = Release|Any CPU
		{4A5C67A2-052F-4EEF-A9F6-08B0169740C5}.Release|Any CPU.Build.0 = Release|Any CPU
		{E2F132E2-2AD6-4F47-B057-56310EFFA300}.Debug|Any CPU.ActiveCfg = Debug|Any CPU
		{E2F132E2-2AD6-4F47-B057-56310EFFA300}.Debug|Any CPU.Build.0 = Debug|Any CPU
		{E2F132E2-2AD6-4F47-B057-56310EFFA300}.Release|Any CPU.ActiveCfg = Release|Any CPU
		{E2F132E2-2AD6-4F47-B057-56310EFFA300}.Release|Any CPU.Build.0 = Release|Any CPU
		{2C3D7741-CBDC-4D6B-B1D8-42989A5B861F}.Debug|Any CPU.ActiveCfg = Debug|Any CPU
		{2C3D7741-CBDC-4D6B-B1D8-42989A5B861F}.Debug|Any CPU.Build.0 = Debug|Any CPU
		{2C3D7741-CBDC-4D6B-B1D8-42989A5B861F}.Release|Any CPU.ActiveCfg = Release|Any CPU
		{2C3D7741-CBDC-4D6B-B1D8-42989A5B861F}.Release|Any CPU.Build.0 = Release|Any CPU
		{932A669D-0603-45C8-BF9F-A5B8F0922D51}.Debug|Any CPU.ActiveCfg = Debug|Any CPU
		{932A669D-0603-45C8-BF9F-A5B8F0922D51}.Debug|Any CPU.Build.0 = Debug|Any CPU
		{932A669D-0603-45C8-BF9F-A5B8F0922D51}.Release|Any CPU.ActiveCfg = Release|Any CPU
		{932A669D-0603-45C8-BF9F-A5B8F0922D51}.Release|Any CPU.Build.0 = Release|Any CPU
	EndGlobalSection
	GlobalSection(SolutionProperties) = preSolution
		HideSolutionNode = FALSE
	EndGlobalSection
	GlobalSection(ExtensibilityGlobals) = postSolution
		SolutionGuid = {DE943E09-52B3-4B47-A660-05D2F8E43205}
	EndGlobalSection
EndGlobal
