
Microsoft Visual Studio Solution File, Format Version 12.00
# Visual Studio 15
VisualStudioVersion = 15.0.28010.2041
MinimumVisualStudioVersion = 10.0.40219.1
Project("{FAE04EC0-301F-11D3-BF4B-00C04F79EFBC}") = "Task 1", "..\Task 1\Task 1.csproj", "{FED3E382-C48B-4DF7-8113-1DF0E7BDB074}"
EndProject
Project("{FAE04EC0-301F-11D3-BF4B-00C04F79EFBC}") = "Task 2", "..\Task 2\Task 2.csproj", "{3662E8AF-E730-47B0-B597-13FF3619C924}"
EndProject
Project("{FAE04EC0-301F-11D3-BF4B-00C04F79EFBC}") = "Task 3", "..\Task 3\Task 3.csproj", "{51AB9901-9F8C-49CB-8294-A2F46E37897E}"
EndProject
Project("{FAE04EC0-301F-11D3-BF4B-00C04F79EFBC}") = "Task 4", "..\Task 4\Task 4.csproj", "{DA921CCD-E85A-4443-8440-1BB35EBD0116}"
EndProject
Project("{FAE04EC0-301F-11D3-BF4B-00C04F79EFBC}") = "Task 5", "..\Task 5\Task 5.csproj", "{6F03EFD7-8D8B-4F07-B304-A27037259E4D}"
EndProject
Project("{FAE04EC0-301F-11D3-BF4B-00C04F79EFBC}") = "Task 6", "..\Task 6\Task 6.csproj", "{72EBFE38-BBF2-4628-BFFA-5435555E7917}"
EndProject
Project("{FAE04EC0-301F-11D3-BF4B-00C04F79EFBC}") = "Task 7", "..\Task 7\Task 7.csproj", "{D6D97942-2CDD-4409-91D1-F68702F3DB0E}"
EndProject
Project("{FAE04EC0-301F-11D3-BF4B-00C04F79EFBC}") = "Task 8", "..\Task 8\Task 8.csproj", "{ED87A6EC-E4E5-4E72-A3B7-CEEB315CE668}"
EndProject
Project("{FAE04EC0-301F-11D3-BF4B-00C04F79EFBC}") = "Task 9", "..\Task 9\Task 9.csproj", "{C96FB9AC-9CF9-4919-B29F-C4F9F3590604}"
EndProject
Project("{FAE04EC0-301F-11D3-BF4B-00C04F79EFBC}") = "Task 10", "..\Task 10\Task 10.csproj", "{409B630F-10CE-46CC-A30D-D7F4DE4492A0}"
EndProject
Project("{FAE04EC0-301F-11D3-BF4B-00C04F79EFBC}") = "Task 11", "..\Task 11\Task 11.csproj", "{5109DE72-8C94-4371-9E36-C6261543FC9C}"
EndProject
Project("{FAE04EC0-301F-11D3-BF4B-00C04F79EFBC}") = "Task 12", "..\Task 12\Task 12.csproj", "{1370AAA1-8E0B-49F9-9AD8-F313190CEE5E}"
EndProject
Project("{FAE04EC0-301F-11D3-BF4B-00C04F79EFBC}") = "Task 13", "..\Task 13\Task 13.csproj", "{8BEC0D52-E9FA-40F2-B90B-575A660CF9F4}"
EndProject
Project("{FAE04EC0-301F-11D3-BF4B-00C04F79EFBC}") = "Task 14", "..\Task 14\Task 14.csproj", "{85563844-90DB-44D7-A12A-6614FB32122A}"
EndProject
Project("{FAE04EC0-301F-11D3-BF4B-00C04F79EFBC}") = "Task 15", "..\Task 15\Task 15.csproj", "{91753A58-679B-45B9-A555-471924549417}"
EndProject
Project("{FAE04EC0-301F-11D3-BF4B-00C04F79EFBC}") = "Task 16", "..\Task 16\Task 16.csproj", "{3FA3C0C8-A012-44AC-8A78-D671522EB7C2}"
EndProject
Global
	GlobalSection(SolutionConfigurationPlatforms) = preSolution
		Debug|Any CPU = Debug|Any CPU
		Release|Any CPU = Release|Any CPU
	EndGlobalSection
	GlobalSection(ProjectConfigurationPlatforms) = postSolution
		{FED3E382-C48B-4DF7-8113-1DF0E7BDB074}.Debug|Any CPU.ActiveCfg = Debug|Any CPU
		{FED3E382-C48B-4DF7-8113-1DF0E7BDB074}.Debug|Any CPU.Build.0 = Debug|Any CPU
		{FED3E382-C48B-4DF7-8113-1DF0E7BDB074}.Release|Any CPU.ActiveCfg = Release|Any CPU
		{FED3E382-C48B-4DF7-8113-1DF0E7BDB074}.Release|Any CPU.Build.0 = Release|Any CPU
		{3662E8AF-E730-47B0-B597-13FF3619C924}.Debug|Any CPU.ActiveCfg = Debug|Any CPU
		{3662E8AF-E730-47B0-B597-13FF3619C924}.Debug|Any CPU.Build.0 = Debug|Any CPU
		{3662E8AF-E730-47B0-B597-13FF3619C924}.Release|Any CPU.ActiveCfg = Release|Any CPU
		{3662E8AF-E730-47B0-B597-13FF3619C924}.Release|Any CPU.Build.0 = Release|Any CPU
		{51AB9901-9F8C-49CB-8294-A2F46E37897E}.Debug|Any CPU.ActiveCfg = Debug|Any CPU
		{51AB9901-9F8C-49CB-8294-A2F46E37897E}.Debug|Any CPU.Build.0 = Debug|Any CPU
		{51AB9901-9F8C-49CB-8294-A2F46E37897E}.Release|Any CPU.ActiveCfg = Release|Any CPU
		{51AB9901-9F8C-49CB-8294-A2F46E37897E}.Release|Any CPU.Build.0 = Release|Any CPU
		{DA921CCD-E85A-4443-8440-1BB35EBD0116}.Debug|Any CPU.ActiveCfg = Debug|Any CPU
		{DA921CCD-E85A-4443-8440-1BB35EBD0116}.Debug|Any CPU.Build.0 = Debug|Any CPU
		{DA921CCD-E85A-4443-8440-1BB35EBD0116}.Release|Any CPU.ActiveCfg = Release|Any CPU
		{DA921CCD-E85A-4443-8440-1BB35EBD0116}.Release|Any CPU.Build.0 = Release|Any CPU
		{6F03EFD7-8D8B-4F07-B304-A27037259E4D}.Debug|Any CPU.ActiveCfg = Debug|Any CPU
		{6F03EFD7-8D8B-4F07-B304-A27037259E4D}.Debug|Any CPU.Build.0 = Debug|Any CPU
		{6F03EFD7-8D8B-4F07-B304-A27037259E4D}.Release|Any CPU.ActiveCfg = Release|Any CPU
		{6F03EFD7-8D8B-4F07-B304-A27037259E4D}.Release|Any CPU.Build.0 = Release|Any CPU
		{72EBFE38-BBF2-4628-BFFA-5435555E7917}.Debug|Any CPU.ActiveCfg = Debug|Any CPU
		{72EBFE38-BBF2-4628-BFFA-5435555E7917}.Debug|Any CPU.Build.0 = Debug|Any CPU
		{72EBFE38-BBF2-4628-BFFA-5435555E7917}.Release|Any CPU.ActiveCfg = Release|Any CPU
		{72EBFE38-BBF2-4628-BFFA-5435555E7917}.Release|Any CPU.Build.0 = Release|Any CPU
		{D6D97942-2CDD-4409-91D1-F68702F3DB0E}.Debug|Any CPU.ActiveCfg = Debug|Any CPU
		{D6D97942-2CDD-4409-91D1-F68702F3DB0E}.Debug|Any CPU.Build.0 = Debug|Any CPU
		{D6D97942-2CDD-4409-91D1-F68702F3DB0E}.Release|Any CPU.ActiveCfg = Release|Any CPU
		{D6D97942-2CDD-4409-91D1-F68702F3DB0E}.Release|Any CPU.Build.0 = Release|Any CPU
		{ED87A6EC-E4E5-4E72-A3B7-CEEB315CE668}.Debug|Any CPU.ActiveCfg = Debug|Any CPU
		{ED87A6EC-E4E5-4E72-A3B7-CEEB315CE668}.Debug|Any CPU.Build.0 = Debug|Any CPU
		{ED87A6EC-E4E5-4E72-A3B7-CEEB315CE668}.Release|Any CPU.ActiveCfg = Release|Any CPU
		{ED87A6EC-E4E5-4E72-A3B7-CEEB315CE668}.Release|Any CPU.Build.0 = Release|Any CPU
		{C96FB9AC-9CF9-4919-B29F-C4F9F3590604}.Debug|Any CPU.ActiveCfg = Debug|Any CPU
		{C96FB9AC-9CF9-4919-B29F-C4F9F3590604}.Debug|Any CPU.Build.0 = Debug|Any CPU
		{C96FB9AC-9CF9-4919-B29F-C4F9F3590604}.Release|Any CPU.ActiveCfg = Release|Any CPU
		{C96FB9AC-9CF9-4919-B29F-C4F9F3590604}.Release|Any CPU.Build.0 = Release|Any CPU
		{409B630F-10CE-46CC-A30D-D7F4DE4492A0}.Debug|Any CPU.ActiveCfg = Debug|Any CPU
		{409B630F-10CE-46CC-A30D-D7F4DE4492A0}.Debug|Any CPU.Build.0 = Debug|Any CPU
		{409B630F-10CE-46CC-A30D-D7F4DE4492A0}.Release|Any CPU.ActiveCfg = Release|Any CPU
		{409B630F-10CE-46CC-A30D-D7F4DE4492A0}.Release|Any CPU.Build.0 = Release|Any CPU
		{5109DE72-8C94-4371-9E36-C6261543FC9C}.Debug|Any CPU.ActiveCfg = Debug|Any CPU
		{5109DE72-8C94-4371-9E36-C6261543FC9C}.Debug|Any CPU.Build.0 = Debug|Any CPU
		{5109DE72-8C94-4371-9E36-C6261543FC9C}.Release|Any CPU.ActiveCfg = Release|Any CPU
		{5109DE72-8C94-4371-9E36-C6261543FC9C}.Release|Any CPU.Build.0 = Release|Any CPU
		{1370AAA1-8E0B-49F9-9AD8-F313190CEE5E}.Debug|Any CPU.ActiveCfg = Debug|Any CPU
		{1370AAA1-8E0B-49F9-9AD8-F313190CEE5E}.Debug|Any CPU.Build.0 = Debug|Any CPU
		{1370AAA1-8E0B-49F9-9AD8-F313190CEE5E}.Release|Any CPU.ActiveCfg = Release|Any CPU
		{1370AAA1-8E0B-49F9-9AD8-F313190CEE5E}.Release|Any CPU.Build.0 = Release|Any CPU
		{8BEC0D52-E9FA-40F2-B90B-575A660CF9F4}.Debug|Any CPU.ActiveCfg = Debug|Any CPU
		{8BEC0D52-E9FA-40F2-B90B-575A660CF9F4}.Debug|Any CPU.Build.0 = Debug|Any CPU
		{8BEC0D52-E9FA-40F2-B90B-575A660CF9F4}.Release|Any CPU.ActiveCfg = Release|Any CPU
		{8BEC0D52-E9FA-40F2-B90B-575A660CF9F4}.Release|Any CPU.Build.0 = Release|Any CPU
		{85563844-90DB-44D7-A12A-6614FB32122A}.Debug|Any CPU.ActiveCfg = Debug|Any CPU
		{85563844-90DB-44D7-A12A-6614FB32122A}.Debug|Any CPU.Build.0 = Debug|Any CPU
		{85563844-90DB-44D7-A12A-6614FB32122A}.Release|Any CPU.ActiveCfg = Release|Any CPU
		{85563844-90DB-44D7-A12A-6614FB32122A}.Release|Any CPU.Build.0 = Release|Any CPU
		{91753A58-679B-45B9-A555-471924549417}.Debug|Any CPU.ActiveCfg = Debug|Any CPU
		{91753A58-679B-45B9-A555-471924549417}.Debug|Any CPU.Build.0 = Debug|Any CPU
		{91753A58-679B-45B9-A555-471924549417}.Release|Any CPU.ActiveCfg = Release|Any CPU
		{91753A58-679B-45B9-A555-471924549417}.Release|Any CPU.Build.0 = Release|Any CPU
		{3FA3C0C8-A012-44AC-8A78-D671522EB7C2}.Debug|Any CPU.ActiveCfg = Debug|Any CPU
		{3FA3C0C8-A012-44AC-8A78-D671522EB7C2}.Debug|Any CPU.Build.0 = Debug|Any CPU
		{3FA3C0C8-A012-44AC-8A78-D671522EB7C2}.Release|Any CPU.ActiveCfg = Release|Any CPU
		{3FA3C0C8-A012-44AC-8A78-D671522EB7C2}.Release|Any CPU.Build.0 = Release|Any CPU
	EndGlobalSection
	GlobalSection(SolutionProperties) = preSolution
		HideSolutionNode = FALSE
	EndGlobalSection
	GlobalSection(ExtensibilityGlobals) = postSolution
		SolutionGuid = {BB03C2C3-2C7C-459D-AAF1-6C8C2C6401E5}
	EndGlobalSection
EndGlobal
