
Microsoft Visual Studio Solution File, Format Version 12.00
# Visual Studio 15
VisualStudioVersion = 15.0.28010.2041
MinimumVisualStudioVersion = 10.0.40219.1
Project("{FAE04EC0-301F-11D3-BF4B-00C04F79EFBC}") = "Task 3", "..\Task 3\Task 3.csproj", "{74B9F125-B70F-494C-BA65-C550624A3476}"
EndProject
Project("{FAE04EC0-301F-11D3-BF4B-00C04F79EFBC}") = "Task 4", "..\Task 4\Task 4.csproj", "{6CE06AFB-5CB0-4B48-9DE8-20284B0CE944}"
EndProject
Project("{FAE04EC0-301F-11D3-BF4B-00C04F79EFBC}") = "Task 1", "..\Task 1\Task 1.csproj", "{7045C030-0CA8-4535-80F1-763FEE299B03}"
EndProject
Project("{FAE04EC0-301F-11D3-BF4B-00C04F79EFBC}") = "Task 2", "..\Task 2\Task 2.csproj", "{14E1F977-FE10-4207-B978-0CD8D4ACA626}"
EndProject
Project("{FAE04EC0-301F-11D3-BF4B-00C04F79EFBC}") = "Task 5", "..\Task 5\Task 5.csproj", "{07E0258C-C7C9-4AD2-9726-12E4AE468D11}"
EndProject
Project("{FAE04EC0-301F-11D3-BF4B-00C04F79EFBC}") = "Task 7", "..\Task 7\Task 7.csproj", "{C6CC1A48-9383-4C07-AEDE-D62B3E67D601}"
EndProject
Project("{FAE04EC0-301F-11D3-BF4B-00C04F79EFBC}") = "Task 8", "..\Task 8\Task 8.csproj", "{57CD1529-53A2-4B89-B403-09B802B78BBB}"
EndProject
Project("{FAE04EC0-301F-11D3-BF4B-00C04F79EFBC}") = "Task 9", "..\Task 9\Task 9\Task 9.csproj", "{FF8F6B57-3495-49D3-811C-0B80DDDD01E5}"
EndProject
Project("{FAE04EC0-301F-11D3-BF4B-00C04F79EFBC}") = "Task 10", "..\Task 10\Task 10.csproj", "{051771B6-B80F-41DE-AF24-5BE273625AA6}"
EndProject
Project("{FAE04EC0-301F-11D3-BF4B-00C04F79EFBC}") = "Task 11", "..\Task 11\Task 11.csproj", "{4FCAECD9-E01F-4CA7-B52A-AB1DFEE05AAC}"
EndProject
Project("{FAE04EC0-301F-11D3-BF4B-00C04F79EFBC}") = "Task 12", "..\Task 12\Task 12.csproj", "{AC094908-94AE-408E-B89B-0389EBF53ADC}"
EndProject
Project("{FAE04EC0-301F-11D3-BF4B-00C04F79EFBC}") = "Task 13", "..\Task 13\Task 13.csproj", "{FC34625F-F5A1-4DAD-8A85-9C427766FC05}"
EndProject
Project("{FAE04EC0-301F-11D3-BF4B-00C04F79EFBC}") = "Task 14", "..\Task 14\Task 14.csproj", "{9F78FA88-9621-4A93-8937-BF73A19DE0EA}"
EndProject
Project("{FAE04EC0-301F-11D3-BF4B-00C04F79EFBC}") = "Task 15", "..\Task 15\Task 15.csproj", "{858B6AD8-18C9-410B-974D-0A6B044D6733}"
EndProject
Project("{FAE04EC0-301F-11D3-BF4B-00C04F79EFBC}") = "Task 16", "..\Task 16\Task 16.csproj", "{D9148A0B-49F2-4AB8-811A-C8D6DA88BBDB}"
EndProject
Project("{FAE04EC0-301F-11D3-BF4B-00C04F79EFBC}") = "Task 17", "..\Task 17\Task 17.csproj", "{46D53417-367D-4178-A66B-F4D106312326}"
EndProject
Project("{FAE04EC0-301F-11D3-BF4B-00C04F79EFBC}") = "Task 6", "..\Task 6\Task 6\Task 6.csproj", "{7FAE2426-A609-410F-8E6E-04CEC3F48E0B}"
EndProject
Global
	GlobalSection(SolutionConfigurationPlatforms) = preSolution
		Debug|Any CPU = Debug|Any CPU
		Release|Any CPU = Release|Any CPU
	EndGlobalSection
	GlobalSection(ProjectConfigurationPlatforms) = postSolution
		{74B9F125-B70F-494C-BA65-C550624A3476}.Debug|Any CPU.ActiveCfg = Debug|Any CPU
		{74B9F125-B70F-494C-BA65-C550624A3476}.Debug|Any CPU.Build.0 = Debug|Any CPU
		{74B9F125-B70F-494C-BA65-C550624A3476}.Release|Any CPU.ActiveCfg = Release|Any CPU
		{74B9F125-B70F-494C-BA65-C550624A3476}.Release|Any CPU.Build.0 = Release|Any CPU
		{6CE06AFB-5CB0-4B48-9DE8-20284B0CE944}.Debug|Any CPU.ActiveCfg = Debug|Any CPU
		{6CE06AFB-5CB0-4B48-9DE8-20284B0CE944}.Debug|Any CPU.Build.0 = Debug|Any CPU
		{6CE06AFB-5CB0-4B48-9DE8-20284B0CE944}.Release|Any CPU.ActiveCfg = Release|Any CPU
		{6CE06AFB-5CB0-4B48-9DE8-20284B0CE944}.Release|Any CPU.Build.0 = Release|Any CPU
		{7045C030-0CA8-4535-80F1-763FEE299B03}.Debug|Any CPU.ActiveCfg = Debug|Any CPU
		{7045C030-0CA8-4535-80F1-763FEE299B03}.Debug|Any CPU.Build.0 = Debug|Any CPU
		{7045C030-0CA8-4535-80F1-763FEE299B03}.Release|Any CPU.ActiveCfg = Release|Any CPU
		{7045C030-0CA8-4535-80F1-763FEE299B03}.Release|Any CPU.Build.0 = Release|Any CPU
		{14E1F977-FE10-4207-B978-0CD8D4ACA626}.Debug|Any CPU.ActiveCfg = Debug|Any CPU
		{14E1F977-FE10-4207-B978-0CD8D4ACA626}.Debug|Any CPU.Build.0 = Debug|Any CPU
		{14E1F977-FE10-4207-B978-0CD8D4ACA626}.Release|Any CPU.ActiveCfg = Release|Any CPU
		{14E1F977-FE10-4207-B978-0CD8D4ACA626}.Release|Any CPU.Build.0 = Release|Any CPU
		{07E0258C-C7C9-4AD2-9726-12E4AE468D11}.Debug|Any CPU.ActiveCfg = Debug|Any CPU
		{07E0258C-C7C9-4AD2-9726-12E4AE468D11}.Debug|Any CPU.Build.0 = Debug|Any CPU
		{07E0258C-C7C9-4AD2-9726-12E4AE468D11}.Release|Any CPU.ActiveCfg = Release|Any CPU
		{07E0258C-C7C9-4AD2-9726-12E4AE468D11}.Release|Any CPU.Build.0 = Release|Any CPU
		{C6CC1A48-9383-4C07-AEDE-D62B3E67D601}.Debug|Any CPU.ActiveCfg = Debug|Any CPU
		{C6CC1A48-9383-4C07-AEDE-D62B3E67D601}.Debug|Any CPU.Build.0 = Debug|Any CPU
		{C6CC1A48-9383-4C07-AEDE-D62B3E67D601}.Release|Any CPU.ActiveCfg = Release|Any CPU
		{C6CC1A48-9383-4C07-AEDE-D62B3E67D601}.Release|Any CPU.Build.0 = Release|Any CPU
		{57CD1529-53A2-4B89-B403-09B802B78BBB}.Debug|Any CPU.ActiveCfg = Debug|Any CPU
		{57CD1529-53A2-4B89-B403-09B802B78BBB}.Debug|Any CPU.Build.0 = Debug|Any CPU
		{57CD1529-53A2-4B89-B403-09B802B78BBB}.Release|Any CPU.ActiveCfg = Release|Any CPU
		{57CD1529-53A2-4B89-B403-09B802B78BBB}.Release|Any CPU.Build.0 = Release|Any CPU
		{FF8F6B57-3495-49D3-811C-0B80DDDD01E5}.Debug|Any CPU.ActiveCfg = Debug|Any CPU
		{FF8F6B57-3495-49D3-811C-0B80DDDD01E5}.Debug|Any CPU.Build.0 = Debug|Any CPU
		{FF8F6B57-3495-49D3-811C-0B80DDDD01E5}.Release|Any CPU.ActiveCfg = Release|Any CPU
		{FF8F6B57-3495-49D3-811C-0B80DDDD01E5}.Release|Any CPU.Build.0 = Release|Any CPU
		{051771B6-B80F-41DE-AF24-5BE273625AA6}.Debug|Any CPU.ActiveCfg = Debug|Any CPU
		{051771B6-B80F-41DE-AF24-5BE273625AA6}.Debug|Any CPU.Build.0 = Debug|Any CPU
		{051771B6-B80F-41DE-AF24-5BE273625AA6}.Release|Any CPU.ActiveCfg = Release|Any CPU
		{051771B6-B80F-41DE-AF24-5BE273625AA6}.Release|Any CPU.Build.0 = Release|Any CPU
		{4FCAECD9-E01F-4CA7-B52A-AB1DFEE05AAC}.Debug|Any CPU.ActiveCfg = Debug|Any CPU
		{4FCAECD9-E01F-4CA7-B52A-AB1DFEE05AAC}.Debug|Any CPU.Build.0 = Debug|Any CPU
		{4FCAECD9-E01F-4CA7-B52A-AB1DFEE05AAC}.Release|Any CPU.ActiveCfg = Release|Any CPU
		{4FCAECD9-E01F-4CA7-B52A-AB1DFEE05AAC}.Release|Any CPU.Build.0 = Release|Any CPU
		{AC094908-94AE-408E-B89B-0389EBF53ADC}.Debug|Any CPU.ActiveCfg = Debug|Any CPU
		{AC094908-94AE-408E-B89B-0389EBF53ADC}.Debug|Any CPU.Build.0 = Debug|Any CPU
		{AC094908-94AE-408E-B89B-0389EBF53ADC}.Release|Any CPU.ActiveCfg = Release|Any CPU
		{AC094908-94AE-408E-B89B-0389EBF53ADC}.Release|Any CPU.Build.0 = Release|Any CPU
		{FC34625F-F5A1-4DAD-8A85-9C427766FC05}.Debug|Any CPU.ActiveCfg = Debug|Any CPU
		{FC34625F-F5A1-4DAD-8A85-9C427766FC05}.Debug|Any CPU.Build.0 = Debug|Any CPU
		{FC34625F-F5A1-4DAD-8A85-9C427766FC05}.Release|Any CPU.ActiveCfg = Release|Any CPU
		{FC34625F-F5A1-4DAD-8A85-9C427766FC05}.Release|Any CPU.Build.0 = Release|Any CPU
		{9F78FA88-9621-4A93-8937-BF73A19DE0EA}.Debug|Any CPU.ActiveCfg = Debug|Any CPU
		{9F78FA88-9621-4A93-8937-BF73A19DE0EA}.Debug|Any CPU.Build.0 = Debug|Any CPU
		{9F78FA88-9621-4A93-8937-BF73A19DE0EA}.Release|Any CPU.ActiveCfg = Release|Any CPU
		{9F78FA88-9621-4A93-8937-BF73A19DE0EA}.Release|Any CPU.Build.0 = Release|Any CPU
		{858B6AD8-18C9-410B-974D-0A6B044D6733}.Debug|Any CPU.ActiveCfg = Debug|Any CPU
		{858B6AD8-18C9-410B-974D-0A6B044D6733}.Debug|Any CPU.Build.0 = Debug|Any CPU
		{858B6AD8-18C9-410B-974D-0A6B044D6733}.Release|Any CPU.ActiveCfg = Release|Any CPU
		{858B6AD8-18C9-410B-974D-0A6B044D6733}.Release|Any CPU.Build.0 = Release|Any CPU
		{D9148A0B-49F2-4AB8-811A-C8D6DA88BBDB}.Debug|Any CPU.ActiveCfg = Debug|Any CPU
		{D9148A0B-49F2-4AB8-811A-C8D6DA88BBDB}.Debug|Any CPU.Build.0 = Debug|Any CPU
		{D9148A0B-49F2-4AB8-811A-C8D6DA88BBDB}.Release|Any CPU.ActiveCfg = Release|Any CPU
		{D9148A0B-49F2-4AB8-811A-C8D6DA88BBDB}.Release|Any CPU.Build.0 = Release|Any CPU
		{46D53417-367D-4178-A66B-F4D106312326}.Debug|Any CPU.ActiveCfg = Debug|Any CPU
		{46D53417-367D-4178-A66B-F4D106312326}.Debug|Any CPU.Build.0 = Debug|Any CPU
		{46D53417-367D-4178-A66B-F4D106312326}.Release|Any CPU.ActiveCfg = Release|Any CPU
		{46D53417-367D-4178-A66B-F4D106312326}.Release|Any CPU.Build.0 = Release|Any CPU
		{7FAE2426-A609-410F-8E6E-04CEC3F48E0B}.Debug|Any CPU.ActiveCfg = Debug|Any CPU
		{7FAE2426-A609-410F-8E6E-04CEC3F48E0B}.Debug|Any CPU.Build.0 = Debug|Any CPU
		{7FAE2426-A609-410F-8E6E-04CEC3F48E0B}.Release|Any CPU.ActiveCfg = Release|Any CPU
		{7FAE2426-A609-410F-8E6E-04CEC3F48E0B}.Release|Any CPU.Build.0 = Release|Any CPU
	EndGlobalSection
	GlobalSection(SolutionProperties) = preSolution
		HideSolutionNode = FALSE
	EndGlobalSection
	GlobalSection(ExtensibilityGlobals) = postSolution
		SolutionGuid = {DB5A8E78-DE9E-40CD-B623-7E5F927CF3E7}
	EndGlobalSection
EndGlobal
